// !$*UTF8*$!
{
	archiveVersion = 1;
	classes = {
	};
	objectVersion = 46;
	objects = {

/* Begin PBXBuildFile section */
		0C1699871CBB58F4003E9E53 /* messagesVC.swift in Sources */ = {isa = PBXBuildFile; fileRef = 0C1699861CBB58F4003E9E53 /* messagesVC.swift */; };
		0C1699891CBB5A38003E9E53 /* messageCell.swift in Sources */ = {isa = PBXBuildFile; fileRef = 0C1699881CBB5A38003E9E53 /* messageCell.swift */; };
		0C3DFF681CB51B100055D571 /* AppDelegate.swift in Sources */ = {isa = PBXBuildFile; fileRef = 0C3DFF671CB51B100055D571 /* AppDelegate.swift */; };
		0C3DFF6D1CB51B100055D571 /* Main.storyboard in Resources */ = {isa = PBXBuildFile; fileRef = 0C3DFF6B1CB51B100055D571 /* Main.storyboard */; };
		0C3DFF6F1CB51B100055D571 /* Assets.xcassets in Resources */ = {isa = PBXBuildFile; fileRef = 0C3DFF6E1CB51B100055D571 /* Assets.xcassets */; };
		0C3DFF721CB51B100055D571 /* LaunchScreen.storyboard in Resources */ = {isa = PBXBuildFile; fileRef = 0C3DFF701CB51B100055D571 /* LaunchScreen.storyboard */; };
		0C3DFF7A1CB51BC10055D571 /* LoginVC.swift in Sources */ = {isa = PBXBuildFile; fileRef = 0C3DFF791CB51BC10055D571 /* LoginVC.swift */; };
		0C3DFF7C1CB51D070055D571 /* SignUpVC.swift in Sources */ = {isa = PBXBuildFile; fileRef = 0C3DFF7B1CB51D070055D571 /* SignUpVC.swift */; };
		0C3DFF7E1CB51E530055D571 /* avatar.png in Resources */ = {isa = PBXBuildFile; fileRef = 0C3DFF7D1CB51E530055D571 /* avatar.png */; };
		0C3DFF811CB520C30055D571 /* Bolts.framework in Frameworks */ = {isa = PBXBuildFile; fileRef = 0C3DFF7F1CB520C30055D571 /* Bolts.framework */; };
		0C3DFF821CB520C30055D571 /* Parse.framework in Frameworks */ = {isa = PBXBuildFile; fileRef = 0C3DFF801CB520C30055D571 /* Parse.framework */; };
		0C3DFF841CB520DF0055D571 /* AudioToolbox.framework in Frameworks */ = {isa = PBXBuildFile; fileRef = 0C3DFF831CB520DF0055D571 /* AudioToolbox.framework */; };
		0C3DFF861CB520EB0055D571 /* CFNetwork.framework in Frameworks */ = {isa = PBXBuildFile; fileRef = 0C3DFF851CB520EB0055D571 /* CFNetwork.framework */; };
		0C3DFF881CB520FE0055D571 /* CoreGraphics.framework in Frameworks */ = {isa = PBXBuildFile; fileRef = 0C3DFF871CB520FE0055D571 /* CoreGraphics.framework */; };
		0C3DFF8A1CB5210F0055D571 /* CoreLocation.framework in Frameworks */ = {isa = PBXBuildFile; fileRef = 0C3DFF891CB5210F0055D571 /* CoreLocation.framework */; };
		0C3DFF8C1CB5211A0055D571 /* QuartzCore.framework in Frameworks */ = {isa = PBXBuildFile; fileRef = 0C3DFF8B1CB5211A0055D571 /* QuartzCore.framework */; };
		0C3DFF8E1CB5212B0055D571 /* Security.framework in Frameworks */ = {isa = PBXBuildFile; fileRef = 0C3DFF8D1CB5212B0055D571 /* Security.framework */; };
		0C3DFF901CB5213C0055D571 /* StoreKit.framework in Frameworks */ = {isa = PBXBuildFile; fileRef = 0C3DFF8F1CB5213C0055D571 /* StoreKit.framework */; };
		0C3DFF921CB5214F0055D571 /* SystemConfiguration.framework in Frameworks */ = {isa = PBXBuildFile; fileRef = 0C3DFF911CB5214F0055D571 /* SystemConfiguration.framework */; };
		0C3DFF941CB521790055D571 /* libz.tbd in Frameworks */ = {isa = PBXBuildFile; fileRef = 0C3DFF931CB521790055D571 /* libz.tbd */; };
		0C3DFF961CB521990055D571 /* libsqlite3.tbd in Frameworks */ = {isa = PBXBuildFile; fileRef = 0C3DFF951CB521990055D571 /* libsqlite3.tbd */; };
		0C3DFF991CB5461B0055D571 /* usersVC.swift in Sources */ = {isa = PBXBuildFile; fileRef = 0C3DFF981CB5461A0055D571 /* usersVC.swift */; };
		0C3DFF9B1CB548300055D571 /* resultsCell.swift in Sources */ = {isa = PBXBuildFile; fileRef = 0C3DFF9A1CB548300055D571 /* resultsCell.swift */; };
		0C3DFF9D1CB5FF7F0055D571 /* conversationVC.swift in Sources */ = {isa = PBXBuildFile; fileRef = 0C3DFF9C1CB5FF7E0055D571 /* conversationVC.swift */; };
/* End PBXBuildFile section */

/* Begin PBXFileReference section */
		0C1699861CBB58F4003E9E53 /* messagesVC.swift */ = {isa = PBXFileReference; fileEncoding = 4; lastKnownFileType = sourcecode.swift; path = messagesVC.swift; sourceTree = "<group>"; };
		0C1699881CBB5A38003E9E53 /* messageCell.swift */ = {isa = PBXFileReference; fileEncoding = 4; lastKnownFileType = sourcecode.swift; path = messageCell.swift; sourceTree = "<group>"; };
		0C3DFF641CB51B100055D571 /* ChatApp.app */ = {isa = PBXFileReference; explicitFileType = wrapper.application; includeInIndex = 0; path = ChatApp.app; sourceTree = BUILT_PRODUCTS_DIR; };
		0C3DFF671CB51B100055D571 /* AppDelegate.swift */ = {isa = PBXFileReference; lastKnownFileType = sourcecode.swift; path = AppDelegate.swift; sourceTree = "<group>"; };
		0C3DFF6C1CB51B100055D571 /* Base */ = {isa = PBXFileReference; lastKnownFileType = file.storyboard; name = Base; path = Base.lproj/Main.storyboard; sourceTree = "<group>"; };
		0C3DFF6E1CB51B100055D571 /* Assets.xcassets */ = {isa = PBXFileReference; lastKnownFileType = folder.assetcatalog; path = Assets.xcassets; sourceTree = "<group>"; };
		0C3DFF711CB51B100055D571 /* Base */ = {isa = PBXFileReference; lastKnownFileType = file.storyboard; name = Base; path = Base.lproj/LaunchScreen.storyboard; sourceTree = "<group>"; };
		0C3DFF731CB51B100055D571 /* Info.plist */ = {isa = PBXFileReference; lastKnownFileType = text.plist.xml; path = Info.plist; sourceTree = "<group>"; };
		0C3DFF791CB51BC10055D571 /* LoginVC.swift */ = {isa = PBXFileReference; fileEncoding = 4; lastKnownFileType = sourcecode.swift; path = LoginVC.swift; sourceTree = "<group>"; };
		0C3DFF7B1CB51D070055D571 /* SignUpVC.swift */ = {isa = PBXFileReference; fileEncoding = 4; lastKnownFileType = sourcecode.swift; path = SignUpVC.swift; sourceTree = "<group>"; };
		0C3DFF7D1CB51E530055D571 /* avatar.png */ = {isa = PBXFileReference; lastKnownFileType = image.png; path = avatar.png; sourceTree = "<group>"; };
		0C3DFF7F1CB520C30055D571 /* Bolts.framework */ = {isa = PBXFileReference; lastKnownFileType = wrapper.framework; path = Bolts.framework; sourceTree = "<group>"; };
		0C3DFF801CB520C30055D571 /* Parse.framework */ = {isa = PBXFileReference; lastKnownFileType = wrapper.framework; path = Parse.framework; sourceTree = "<group>"; };
		0C3DFF831CB520DF0055D571 /* AudioToolbox.framework */ = {isa = PBXFileReference; lastKnownFileType = wrapper.framework; name = AudioToolbox.framework; path = System/Library/Frameworks/AudioToolbox.framework; sourceTree = SDKROOT; };
		0C3DFF851CB520EB0055D571 /* CFNetwork.framework */ = {isa = PBXFileReference; lastKnownFileType = wrapper.framework; name = CFNetwork.framework; path = System/Library/Frameworks/CFNetwork.framework; sourceTree = SDKROOT; };
		0C3DFF871CB520FE0055D571 /* CoreGraphics.framework */ = {isa = PBXFileReference; lastKnownFileType = wrapper.framework; name = CoreGraphics.framework; path = System/Library/Frameworks/CoreGraphics.framework; sourceTree = SDKROOT; };
		0C3DFF891CB5210F0055D571 /* CoreLocation.framework */ = {isa = PBXFileReference; lastKnownFileType = wrapper.framework; name = CoreLocation.framework; path = System/Library/Frameworks/CoreLocation.framework; sourceTree = SDKROOT; };
		0C3DFF8B1CB5211A0055D571 /* QuartzCore.framework */ = {isa = PBXFileReference; lastKnownFileType = wrapper.framework; name = QuartzCore.framework; path = System/Library/Frameworks/QuartzCore.framework; sourceTree = SDKROOT; };
		0C3DFF8D1CB5212B0055D571 /* Security.framework */ = {isa = PBXFileReference; lastKnownFileType = wrapper.framework; name = Security.framework; path = System/Library/Frameworks/Security.framework; sourceTree = SDKROOT; };
		0C3DFF8F1CB5213C0055D571 /* StoreKit.framework */ = {isa = PBXFileReference; lastKnownFileType = wrapper.framework; name = StoreKit.framework; path = System/Library/Frameworks/StoreKit.framework; sourceTree = SDKROOT; };
		0C3DFF911CB5214F0055D571 /* SystemConfiguration.framework */ = {isa = PBXFileReference; lastKnownFileType = wrapper.framework; name = SystemConfiguration.framework; path = System/Library/Frameworks/SystemConfiguration.framework; sourceTree = SDKROOT; };
		0C3DFF931CB521790055D571 /* libz.tbd */ = {isa = PBXFileReference; lastKnownFileType = "sourcecode.text-based-dylib-definition"; name = libz.tbd; path = usr/lib/libz.tbd; sourceTree = SDKROOT; };
		0C3DFF951CB521990055D571 /* libsqlite3.tbd */ = {isa = PBXFileReference; lastKnownFileType = "sourcecode.text-based-dylib-definition"; name = libsqlite3.tbd; path = usr/lib/libsqlite3.tbd; sourceTree = SDKROOT; };
		0C3DFF981CB5461A0055D571 /* usersVC.swift */ = {isa = PBXFileReference; fileEncoding = 4; lastKnownFileType = sourcecode.swift; path = usersVC.swift; sourceTree = "<group>"; };
		0C3DFF9A1CB548300055D571 /* resultsCell.swift */ = {isa = PBXFileReference; fileEncoding = 4; lastKnownFileType = sourcecode.swift; path = resultsCell.swift; sourceTree = "<group>"; };
		0C3DFF9C1CB5FF7E0055D571 /* conversationVC.swift */ = {isa = PBXFileReference; fileEncoding = 4; lastKnownFileType = sourcecode.swift; path = conversationVC.swift; sourceTree = "<group>"; };
/* End PBXFileReference section */

/* Begin PBXFrameworksBuildPhase section */
		0C3DFF611CB51B0F0055D571 /* Frameworks */ = {
			isa = PBXFrameworksBuildPhase;
			buildActionMask = 2147483647;
			files = (
				0C3DFF961CB521990055D571 /* libsqlite3.tbd in Frameworks */,
				0C3DFF941CB521790055D571 /* libz.tbd in Frameworks */,
				0C3DFF921CB5214F0055D571 /* SystemConfiguration.framework in Frameworks */,
				0C3DFF901CB5213C0055D571 /* StoreKit.framework in Frameworks */,
				0C3DFF8E1CB5212B0055D571 /* Security.framework in Frameworks */,
				0C3DFF8C1CB5211A0055D571 /* QuartzCore.framework in Frameworks */,
				0C3DFF8A1CB5210F0055D571 /* CoreLocation.framework in Frameworks */,
				0C3DFF881CB520FE0055D571 /* CoreGraphics.framework in Frameworks */,
				0C3DFF861CB520EB0055D571 /* CFNetwork.framework in Frameworks */,
				0C3DFF841CB520DF0055D571 /* AudioToolbox.framework in Frameworks */,
				0C3DFF821CB520C30055D571 /* Parse.framework in Frameworks */,
				0C3DFF811CB520C30055D571 /* Bolts.framework in Frameworks */,
			);
			runOnlyForDeploymentPostprocessing = 0;
		};
/* End PBXFrameworksBuildPhase section */

/* Begin PBXGroup section */
		0C3DFF5B1CB51B0F0055D571 = {
			isa = PBXGroup;
			children = (
				0C3DFF971CB521AE0055D571 /* Frameworks */,
				0C3DFF661CB51B100055D571 /* ChatApp */,
				0C3DFF651CB51B100055D571 /* Products */,
			);
			sourceTree = "<group>";
		};
		0C3DFF651CB51B100055D571 /* Products */ = {
			isa = PBXGroup;
			children = (
				0C3DFF641CB51B100055D571 /* ChatApp.app */,
			);
			name = Products;
			sourceTree = "<group>";
		};
		0C3DFF661CB51B100055D571 /* ChatApp */ = {
			isa = PBXGroup;
			children = (
				0C3DFF671CB51B100055D571 /* AppDelegate.swift */,
				0C3DFF791CB51BC10055D571 /* LoginVC.swift */,
				0C3DFF7B1CB51D070055D571 /* SignUpVC.swift */,
				0C3DFF981CB5461A0055D571 /* usersVC.swift */,
				0C3DFF9A1CB548300055D571 /* resultsCell.swift */,
				0C3DFF9C1CB5FF7E0055D571 /* conversationVC.swift */,
				0C1699861CBB58F4003E9E53 /* messagesVC.swift */,
				0C1699881CBB5A38003E9E53 /* messageCell.swift */,
				0C3DFF6B1CB51B100055D571 /* Main.storyboard */,
				0C3DFF6E1CB51B100055D571 /* Assets.xcassets */,
				0C3DFF701CB51B100055D571 /* LaunchScreen.storyboard */,
				0C3DFF731CB51B100055D571 /* Info.plist */,
				0C3DFF7D1CB51E530055D571 /* avatar.png */,
			);
			path = ChatApp;
			sourceTree = "<group>";
		};
		0C3DFF971CB521AE0055D571 /* Frameworks */ = {
			isa = PBXGroup;
			children = (
				0C3DFF951CB521990055D571 /* libsqlite3.tbd */,
				0C3DFF931CB521790055D571 /* libz.tbd */,
				0C3DFF911CB5214F0055D571 /* SystemConfiguration.framework */,
				0C3DFF8F1CB5213C0055D571 /* StoreKit.framework */,
				0C3DFF8D1CB5212B0055D571 /* Security.framework */,
				0C3DFF8B1CB5211A0055D571 /* QuartzCore.framework */,
				0C3DFF891CB5210F0055D571 /* CoreLocation.framework */,
				0C3DFF871CB520FE0055D571 /* CoreGraphics.framework */,
				0C3DFF851CB520EB0055D571 /* CFNetwork.framework */,
				0C3DFF831CB520DF0055D571 /* AudioToolbox.framework */,
				0C3DFF7F1CB520C30055D571 /* Bolts.framework */,
				0C3DFF801CB520C30055D571 /* Parse.framework */,
			);
			name = Frameworks;
			sourceTree = "<group>";
		};
/* End PBXGroup section */

/* Begin PBXNativeTarget section */
		0C3DFF631CB51B0F0055D571 /* ChatApp */ = {
			isa = PBXNativeTarget;
			buildConfigurationList = 0C3DFF761CB51B100055D571 /* Build configuration list for PBXNativeTarget "ChatApp" */;
			buildPhases = (
				0C3DFF601CB51B0F0055D571 /* Sources */,
				0C3DFF611CB51B0F0055D571 /* Frameworks */,
				0C3DFF621CB51B0F0055D571 /* Resources */,
			);
			buildRules = (
			);
			dependencies = (
			);
			name = ChatApp;
			productName = ChatApp;
			productReference = 0C3DFF641CB51B100055D571 /* ChatApp.app */;
			productType = "com.apple.product-type.application";
		};
/* End PBXNativeTarget section */

/* Begin PBXProject section */
		0C3DFF5C1CB51B0F0055D571 /* Project object */ = {
			isa = PBXProject;
			attributes = {
				LastSwiftUpdateCheck = 0720;
				LastUpgradeCheck = 0720;
				ORGANIZATIONNAME = "Tuan-Vi Phan";
				TargetAttributes = {
					0C3DFF631CB51B0F0055D571 = {
						CreatedOnToolsVersion = 7.2;
						DevelopmentTeam = 62G4RHB5VM;
					};
				};
			};
			buildConfigurationList = 0C3DFF5F1CB51B0F0055D571 /* Build configuration list for PBXProject "ChatApp" */;
			compatibilityVersion = "Xcode 3.2";
			developmentRegion = English;
			hasScannedForEncodings = 0;
			knownRegions = (
				en,
				Base,
			);
			mainGroup = 0C3DFF5B1CB51B0F0055D571;
			productRefGroup = 0C3DFF651CB51B100055D571 /* Products */;
			projectDirPath = "";
			projectRoot = "";
			targets = (
				0C3DFF631CB51B0F0055D571 /* ChatApp */,
			);
		};
/* End PBXProject section */

/* Begin PBXResourcesBuildPhase section */
		0C3DFF621CB51B0F0055D571 /* Resources */ = {
			isa = PBXResourcesBuildPhase;
			buildActionMask = 2147483647;
			files = (
				0C3DFF7E1CB51E530055D571 /* avatar.png in Resources */,
				0C3DFF721CB51B100055D571 /* LaunchScreen.storyboard in Resources */,
				0C3DFF6F1CB51B100055D571 /* Assets.xcassets in Resources */,
				0C3DFF6D1CB51B100055D571 /* Main.storyboard in Resources */,
			);
			runOnlyForDeploymentPostprocessing = 0;
		};
/* End PBXResourcesBuildPhase section */

/* Begin PBXSourcesBuildPhase section */
		0C3DFF601CB51B0F0055D571 /* Sources */ = {
			isa = PBXSourcesBuildPhase;
			buildActionMask = 2147483647;
			files = (
				0C3DFF7A1CB51BC10055D571 /* LoginVC.swift in Sources */,
				0C1699891CBB5A38003E9E53 /* messageCell.swift in Sources */,
				0C3DFF7C1CB51D070055D571 /* SignUpVC.swift in Sources */,
				0C3DFF681CB51B100055D571 /* AppDelegate.swift in Sources */,
				0C1699871CBB58F4003E9E53 /* messagesVC.swift in Sources */,
				0C3DFF991CB5461B0055D571 /* usersVC.swift in Sources */,
				0C3DFF9B1CB548300055D571 /* resultsCell.swift in Sources */,
				0C3DFF9D1CB5FF7F0055D571 /* conversationVC.swift in Sources */,
			);
			runOnlyForDeploymentPostprocessing = 0;
		};
/* End PBXSourcesBuildPhase section */

/* Begin PBXVariantGroup section */
		0C3DFF6B1CB51B100055D571 /* Main.storyboard */ = {
			isa = PBXVariantGroup;
			children = (
				0C3DFF6C1CB51B100055D571 /* Base */,
			);
			name = Main.storyboard;
			sourceTree = "<group>";
		};
		0C3DFF701CB51B100055D571 /* LaunchScreen.storyboard */ = {
			isa = PBXVariantGroup;
			children = (
				0C3DFF711CB51B100055D571 /* Base */,
			);
			name = LaunchScreen.storyboard;
			sourceTree = "<group>";
		};
/* End PBXVariantGroup section */

/* Begin XCBuildConfiguration section */
		0C3DFF741CB51B100055D571 /* Debug */ = {
			isa = XCBuildConfiguration;
			buildSettings = {
				ALWAYS_SEARCH_USER_PATHS = NO;
				CLANG_CXX_LANGUAGE_STANDARD = "gnu++0x";
				CLANG_CXX_LIBRARY = "libc++";
				CLANG_ENABLE_MODULES = YES;
				CLANG_ENABLE_OBJC_ARC = YES;
				CLANG_WARN_BOOL_CONVERSION = YES;
				CLANG_WARN_CONSTANT_CONVERSION = YES;
				CLANG_WARN_DIRECT_OBJC_ISA_USAGE = YES_ERROR;
				CLANG_WARN_EMPTY_BODY = YES;
				CLANG_WARN_ENUM_CONVERSION = YES;
				CLANG_WARN_INT_CONVERSION = YES;
				CLANG_WARN_OBJC_ROOT_CLASS = YES_ERROR;
				CLANG_WARN_UNREACHABLE_CODE = YES;
				CLANG_WARN__DUPLICATE_METHOD_MATCH = YES;
				CODE_SIGN_IDENTITY = "iPhone Developer";
				"CODE_SIGN_IDENTITY[sdk=iphoneos*]" = "iPhone Developer";
				COPY_PHASE_STRIP = NO;
				DEBUG_INFORMATION_FORMAT = dwarf;
				ENABLE_STRICT_OBJC_MSGSEND = YES;
				ENABLE_TESTABILITY = YES;
				GCC_C_LANGUAGE_STANDARD = gnu99;
				GCC_DYNAMIC_NO_PIC = NO;
				GCC_NO_COMMON_BLOCKS = YES;
				GCC_OPTIMIZATION_LEVEL = 0;
				GCC_PREPROCESSOR_DEFINITIONS = (
					"DEBUG=1",
					"$(inherited)",
				);
				GCC_WARN_64_TO_32_BIT_CONVERSION = YES;
				GCC_WARN_ABOUT_RETURN_TYPE = YES_ERROR;
				GCC_WARN_UNDECLARED_SELECTOR = YES;
				GCC_WARN_UNINITIALIZED_AUTOS = YES_AGGRESSIVE;
				GCC_WARN_UNUSED_FUNCTION = YES;
				GCC_WARN_UNUSED_VARIABLE = YES;
				IPHONEOS_DEPLOYMENT_TARGET = 9.2;
				MTL_ENABLE_DEBUG_INFO = YES;
				ONLY_ACTIVE_ARCH = YES;
				PROVISIONING_PROFILE = "4972720e-b41b-45a5-978c-9e85bf30db71";
				SDKROOT = iphoneos;
				SWIFT_OPTIMIZATION_LEVEL = "-Onone";
			};
			name = Debug;
		};
		0C3DFF751CB51B100055D571 /* Release */ = {
			isa = XCBuildConfiguration;
			buildSettings = {
				ALWAYS_SEARCH_USER_PATHS = NO;
				CLANG_CXX_LANGUAGE_STANDARD = "gnu++0x";
				CLANG_CXX_LIBRARY = "libc++";
				CLANG_ENABLE_MODULES = YES;
				CLANG_ENABLE_OBJC_ARC = YES;
				CLANG_WARN_BOOL_CONVERSION = YES;
				CLANG_WARN_CONSTANT_CONVERSION = YES;
				CLANG_WARN_DIRECT_OBJC_ISA_USAGE = YES_ERROR;
				CLANG_WARN_EMPTY_BODY = YES;
				CLANG_WARN_ENUM_CONVERSION = YES;
				CLANG_WARN_INT_CONVERSION = YES;
				CLANG_WARN_OBJC_ROOT_CLASS = YES_ERROR;
				CLANG_WARN_UNREACHABLE_CODE = YES;
				CLANG_WARN__DUPLICATE_METHOD_MATCH = YES;
				CODE_SIGN_IDENTITY = "iPhone Developer";
				"CODE_SIGN_IDENTITY[sdk=iphoneos*]" = "iPhone Developer";
				COPY_PHASE_STRIP = NO;
				DEBUG_INFORMATION_FORMAT = "dwarf-with-dsym";
				ENABLE_NS_ASSERTIONS = NO;
				ENABLE_STRICT_OBJC_MSGSEND = YES;
				GCC_C_LANGUAGE_STANDARD = gnu99;
				GCC_NO_COMMON_BLOCKS = YES;
				GCC_WARN_64_TO_32_BIT_CONVERSION = YES;
				GCC_WARN_ABOUT_RETURN_TYPE = YES_ERROR;
				GCC_WARN_UNDECLARED_SELECTOR = YES;
				GCC_WARN_UNINITIALIZED_AUTOS = YES_AGGRESSIVE;
				GCC_WARN_UNUSED_FUNCTION = YES;
				GCC_WARN_UNUSED_VARIABLE = YES;
				IPHONEOS_DEPLOYMENT_TARGET = 9.2;
				MTL_ENABLE_DEBUG_INFO = NO;
				PROVISIONING_PROFILE = "4972720e-b41b-45a5-978c-9e85bf30db71";
				SDKROOT = iphoneos;
				VALIDATE_PRODUCT = YES;
			};
			name = Release;
		};
		0C3DFF771CB51B100055D571 /* Debug */ = {
			isa = XCBuildConfiguration;
			buildSettings = {
				ASSETCATALOG_COMPILER_APPICON_NAME = AppIcon;
				CODE_SIGN_IDENTITY = "iPhone Developer";
				"CODE_SIGN_IDENTITY[sdk=iphoneos*]" = "iPhone Developer";
				FRAMEWORK_SEARCH_PATHS = (
					"$(inherited)",
					"$(PROJECT_DIR)",
				);
				INFOPLIST_FILE = ChatApp/Info.plist;
				LD_RUNPATH_SEARCH_PATHS = "$(inherited) @executable_path/Frameworks";
				PRODUCT_BUNDLE_IDENTIFIER = com.tuanvi.ChatApp;
				PRODUCT_NAME = "$(TARGET_NAME)";
				PROVISIONING_PROFILE = "";
			};
			name = Debug;
		};
		0C3DFF781CB51B100055D571 /* Release */ = {
			isa = XCBuildConfiguration;
			buildSettings = {
				ASSETCATALOG_COMPILER_APPICON_NAME = AppIcon;
				CODE_SIGN_IDENTITY = "iPhone Developer";
				"CODE_SIGN_IDENTITY[sdk=iphoneos*]" = "iPhone Developer";
				FRAMEWORK_SEARCH_PATHS = (
					"$(inherited)",
					"$(PROJECT_DIR)",
				);
				INFOPLIST_FILE = ChatApp/Info.plist;
				LD_RUNPATH_SEARCH_PATHS = "$(inherited) @executable_path/Frameworks";
				PRODUCT_BUNDLE_IDENTIFIER = com.tuanvi.ChatApp;
				PRODUCT_NAME = "$(TARGET_NAME)";
				PROVISIONING_PROFILE = "";
			};
			name = Release;
		};
/* End XCBuildConfiguration section */

/* Begin XCConfigurationList section */
		0C3DFF5F1CB51B0F0055D571 /* Build configuration list for PBXProject "ChatApp" */ = {
			isa = XCConfigurationList;
			buildConfigurations = (
				0C3DFF741CB51B100055D571 /* Debug */,
				0C3DFF751CB51B100055D571 /* Release */,
			);
			defaultConfigurationIsVisible = 0;
			defaultConfigurationName = Release;
		};
		0C3DFF761CB51B100055D571 /* Build configuration list for PBXNativeTarget "ChatApp" */ = {
			isa = XCConfigurationList;
			buildConfigurations = (
				0C3DFF771CB51B100055D571 /* Debug */,
				0C3DFF781CB51B100055D571 /* Release */,
			);
			defaultConfigurationIsVisible = 0;
			defaultConfigurationName = Release;
		};
/* End XCConfigurationList section */
	};
	rootObject = 0C3DFF5C1CB51B0F0055D571 /* Project object */;
}
