// !$*UTF8*$!
{
	archiveVersion = 1;
	classes = {
	};
	objectVersion = 46;
	objects = {

/* Begin PBXBuildFile section */
		0C3DFF681CB51B100055D571 /* AppDelegate.swift in Sources */ = {isa = PBXBuildFile; fileRef = 0C3DFF671CB51B100055D571 /* AppDelegate.swift */; };
		0C3DFF6D1CB51B100055D571 /* Main.storyboard in Resources */ = {isa = PBXBuildFile; fileRef = 0C3DFF6B1CB51B100055D571 /* Main.storyboard */; };
		0C3DFF6F1CB51B100055D571 /* Assets.xcassets in Resources */ = {isa = PBXBuildFile; fileRef = 0C3DFF6E1CB51B100055D571 /* Assets.xcassets */; };
		0C3DFF721CB51B100055D571 /* LaunchScreen.storyboard in Resources */ = {isa = PBXBuildFile; fileRef = 0C3DFF701CB51B100055D571 /* LaunchScreen.storyboard */; };
		0C3DFF7A1CB51BC10055D571 /* LoginVC.swift in Sources */ = {isa = PBXBuildFile; fileRef = 0C3DFF791CB51BC10055D571 /* LoginVC.swift */; };
		0C3DFF7C1CB51D070055D571 /* SignUpVC.swift in Sources */ = {isa = PBXBuildFile; fileRef = 0C3DFF7B1CB51D070055D571 /* SignUpVC.swift */; };
		0C3DFF7E1CB51E530055D571 /* avatar.png in Resources */ = {isa = PBXBuildFile; fileRef = 0C3DFF7D1CB51E530055D571 /* avatar.png */; };
/* End PBXBuildFile section */

/* Begin PBXFileReference section */
		0C3DFF641CB51B100055D571 /* ChatApp.app */ = {isa = PBXFileReference; explicitFileType = wrapper.application; includeInIndex = 0; path = ChatApp.app; sourceTree = BUILT_PRODUCTS_DIR; };
		0C3DFF671CB51B100055D571 /* AppDelegate.swift */ = {isa = PBXFileReference; lastKnownFileType = sourcecode.swift; path = AppDelegate.swift; sourceTree = "<group>"; };
		0C3DFF6C1CB51B100055D571 /* Base */ = {isa = PBXFileReference; lastKnownFileType = file.storyboard; name = Base; path = Base.lproj/Main.storyboard; sourceTree = "<group>"; };
		0C3DFF6E1CB51B100055D571 /* Assets.xcassets */ = {isa = PBXFileReference; lastKnownFileType = folder.assetcatalog; path = Assets.xcassets; sourceTree = "<group>"; };
		0C3DFF711CB51B100055D571 /* Base */ = {isa = PBXFileReference; lastKnownFileType = file.storyboard; name = Base; path = Base.lproj/LaunchScreen.storyboard; sourceTree = "<group>"; };
		0C3DFF731CB51B100055D571 /* Info.plist */ = {isa = PBXFileReference; lastKnownFileType = text.plist.xml; path = Info.plist; sourceTree = "<group>"; };
		0C3DFF791CB51BC10055D571 /* LoginVC.swift */ = {isa = PBXFileReference; fileEncoding = 4; lastKnownFileType = sourcecode.swift; path = LoginVC.swift; sourceTree = "<group>"; };
		0C3DFF7B1CB51D070055D571 /* SignUpVC.swift */ = {isa = PBXFileReference; fileEncoding = 4; lastKnownFileType = sourcecode.swift; path = SignUpVC.swift; sourceTree = "<group>"; };
		0C3DFF7D1CB51E530055D571 /* avatar.png */ = {isa = PBXFileReference; lastKnownFileType = image.png; path = avatar.png; sourceTree = "<group>"; };
/* End PBXFileReference section */

/* Begin PBXFrameworksBuildPhase section */
		0C3DFF611CB51B0F0055D571 /* Frameworks */ = {
			isa = PBXFrameworksBuildPhase;
			buildActionMask = 2147483647;
			files = (
			);
			runOnlyForDeploymentPostprocessing = 0;
		};
/* End PBXFrameworksBuildPhase section */

/* Begin PBXGroup section */
		0C3DFF5B1CB51B0F0055D571 = {
			isa = PBXGroup;
			children = (
				0C3DFF661CB51B100055D571 /* ChatApp */,
				0C3DFF651CB51B100055D571 /* Products */,
			);
			sourceTree = "<group>";
		};
		0C3DFF651CB51B100055D571 /* Products */ = {
			isa = PBXGroup;
			children = (
				0C3DFF641CB51B100055D571 /* ChatApp.app */,
			);
			name = Products;
			sourceTree = "<group>";
		};
		0C3DFF661CB51B100055D571 /* ChatApp */ = {
			isa = PBXGroup;
			children = (
				0C3DFF671CB51B100055D571 /* AppDelegate.swift */,
				0C3DFF791CB51BC10055D571 /* LoginVC.swift */,
				0C3DFF7B1CB51D070055D571 /* SignUpVC.swift */,
				0C3DFF6B1CB51B100055D571 /* Main.storyboard */,
				0C3DFF6E1CB51B100055D571 /* Assets.xcassets */,
				0C3DFF701CB51B100055D571 /* LaunchScreen.storyboard */,
				0C3DFF731CB51B100055D571 /* Info.plist */,
				0C3DFF7D1CB51E530055D571 /* avatar.png */,
			);
			path = ChatApp;
			sourceTree = "<group>";
		};
/* End PBXGroup section */

/* Begin PBXNativeTarget section */
		0C3DFF631CB51B0F0055D571 /* ChatApp */ = {
			isa = PBXNativeTarget;
			buildConfigurationList = 0C3DFF761CB51B100055D571 /* Build configuration list for PBXNativeTarget "ChatApp" */;
			buildPhases = (
				0C3DFF601CB51B0F0055D571 /* Sources */,
				0C3DFF611CB51B0F0055D571 /* Frameworks */,
				0C3DFF621CB51B0F0055D571 /* Resources */,
			);
			buildRules = (
			);
			dependencies = (
			);
			name = ChatApp;
			productName = ChatApp;
			productReference = 0C3DFF641CB51B100055D571 /* ChatApp.app */;
			productType = "com.apple.product-type.application";
		};
/* End PBXNativeTarget section */

/* Begin PBXProject section */
		0C3DFF5C1CB51B0F0055D571 /* Project object */ = {
			isa = PBXProject;
			attributes = {
				LastSwiftUpdateCheck = 0720;
				LastUpgradeCheck = 0720;
				ORGANIZATIONNAME = "Tuan-Vi Phan";
				TargetAttributes = {
					0C3DFF631CB51B0F0055D571 = {
						CreatedOnToolsVersion = 7.2;
						DevelopmentTeam = 62G4RHB5VM;
					};
				};
			};
			buildConfigurationList = 0C3DFF5F1CB51B0F0055D571 /* Build configuration list for PBXProject "ChatApp" */;
			compatibilityVersion = "Xcode 3.2";
			developmentRegion = English;
			hasScannedForEncodings = 0;
			knownRegions = (
				en,
				Base,
			);
			mainGroup = 0C3DFF5B1CB51B0F0055D571;
			productRefGroup = 0C3DFF651CB51B100055D571 /* Products */;
			projectDirPath = "";
			projectRoot = "";
			targets = (
				0C3DFF631CB51B0F0055D571 /* ChatApp */,
			);
		};
/* End PBXProject section */

/* Begin PBXResourcesBuildPhase section */
		0C3DFF621CB51B0F0055D571 /* Resources */ = {
			isa = PBXResourcesBuildPhase;
			buildActionMask = 2147483647;
			files = (
				0C3DFF7E1CB51E530055D571 /* avatar.png in Resources */,
				0C3DFF721CB51B100055D571 /* LaunchScreen.storyboard in Resources */,
				0C3DFF6F1CB51B100055D571 /* Assets.xcassets in Resources */,
				0C3DFF6D1CB51B100055D571 /* Main.storyboard in Resources */,
			);
			runOnlyForDeploymentPostprocessing = 0;
		};
/* End PBXResourcesBuildPhase section */

/* Begin PBXSourcesBuildPhase section */
		0C3DFF601CB51B0F0055D571 /* Sources */ = {
			isa = PBXSourcesBuildPhase;
			buildActionMask = 2147483647;
			files = (
				0C3DFF7A1CB51BC10055D571 /* LoginVC.swift in Sources */,
				0C3DFF7C1CB51D070055D571 /* SignUpVC.swift in Sources */,
				0C3DFF681CB51B100055D571 /* AppDelegate.swift in Sources */,
			);
			runOnlyForDeploymentPostprocessing = 0;
		};
/* End PBXSourcesBuildPhase section */

/* Begin PBXVariantGroup section */
		0C3DFF6B1CB51B100055D571 /* Main.storyboard */ = {
			isa = PBXVariantGroup;
			children = (
				0C3DFF6C1CB51B100055D571 /* Base */,
			);
			name = Main.storyboard;
			sourceTree = "<group>";
		};
		0C3DFF701CB51B100055D571 /* LaunchScreen.storyboard */ = {
			isa = PBXVariantGroup;
			children = (
				0C3DFF711CB51B100055D571 /* Base */,
			);
			name = LaunchScreen.storyboard;
			sourceTree = "<group>";
		};
/* End PBXVariantGroup section */

/* Begin XCBuildConfiguration section */
		0C3DFF741CB51B100055D571 /* Debug */ = {
			isa = XCBuildConfiguration;
			buildSettings = {
				ALWAYS_SEARCH_USER_PATHS = NO;
				CLANG_CXX_LANGUAGE_STANDARD = "gnu++0x";
				CLANG_CXX_LIBRARY = "libc++";
				CLANG_ENABLE_MODULES = YES;
				CLANG_ENABLE_OBJC_ARC = YES;
				CLANG_WARN_BOOL_CONVERSION = YES;
				CLANG_WARN_CONSTANT_CONVERSION = YES;
				CLANG_WARN_DIRECT_OBJC_ISA_USAGE = YES_ERROR;
				CLANG_WARN_EMPTY_BODY = YES;
				CLANG_WARN_ENUM_CONVERSION = YES;
				CLANG_WARN_INT_CONVERSION = YES;
				CLANG_WARN_OBJC_ROOT_CLASS = YES_ERROR;
				CLANG_WARN_UNREACHABLE_CODE = YES;
				CLANG_WARN__DUPLICATE_METHOD_MATCH = YES;
				"CODE_SIGN_IDENTITY[sdk=iphoneos*]" = "iPhone Developer";
				COPY_PHASE_STRIP = NO;
				DEBUG_INFORMATION_FORMAT = dwarf;
				ENABLE_STRICT_OBJC_MSGSEND = YES;
				ENABLE_TESTABILITY = YES;
				GCC_C_LANGUAGE_STANDARD = gnu99;
				GCC_DYNAMIC_NO_PIC = NO;
				GCC_NO_COMMON_BLOCKS = YES;
				GCC_OPTIMIZATION_LEVEL = 0;
				GCC_PREPROCESSOR_DEFINITIONS = (
					"DEBUG=1",
					"$(inherited)",
				);
				GCC_WARN_64_TO_32_BIT_CONVERSION = YES;
				GCC_WARN_ABOUT_RETURN_TYPE = YES_ERROR;
				GCC_WARN_UNDECLARED_SELECTOR = YES;
				GCC_WARN_UNINITIALIZED_AUTOS = YES_AGGRESSIVE;
				GCC_WARN_UNUSED_FUNCTION = YES;
				GCC_WARN_UNUSED_VARIABLE = YES;
				IPHONEOS_DEPLOYMENT_TARGET = 9.2;
				MTL_ENABLE_DEBUG_INFO = YES;
				ONLY_ACTIVE_ARCH = YES;
				SDKROOT = iphoneos;
				SWIFT_OPTIMIZATION_LEVEL = "-Onone";
			};
			name = Debug;
		};
		0C3DFF751CB51B100055D571 /* Release */ = {
			isa = XCBuildConfiguration;
			buildSettings = {
				ALWAYS_SEARCH_USER_PATHS = NO;
				CLANG_CXX_LANGUAGE_STANDARD = "gnu++0x";
				CLANG_CXX_LIBRARY = "libc++";
				CLANG_ENABLE_MODULES = YES;
				CLANG_ENABLE_OBJC_ARC = YES;
				CLANG_WARN_BOOL_CONVERSION = YES;
				CLANG_WARN_CONSTANT_CONVERSION = YES;
				CLANG_WARN_DIRECT_OBJC_ISA_USAGE = YES_ERROR;
				CLANG_WARN_EMPTY_BODY = YES;
				CLANG_WARN_ENUM_CONVERSION = YES;
				CLANG_WARN_INT_CONVERSION = YES;
				CLANG_WARN_OBJC_ROOT_CLASS = YES_ERROR;
				CLANG_WARN_UNREACHABLE_CODE = YES;
				CLANG_WARN__DUPLICATE_METHOD_MATCH = YES;
				"CODE_SIGN_IDENTITY[sdk=iphoneos*]" = "iPhone Developer";
				COPY_PHASE_STRIP = NO;
				DEBUG_INFORMATION_FORMAT = "dwarf-with-dsym";
				ENABLE_NS_ASSERTIONS = NO;
				ENABLE_STRICT_OBJC_MSGSEND = YES;
				GCC_C_LANGUAGE_STANDARD = gnu99;
				GCC_NO_COMMON_BLOCKS = YES;
				GCC_WARN_64_TO_32_BIT_CONVERSION = YES;
				GCC_WARN_ABOUT_RETURN_TYPE = YES_ERROR;
				GCC_WARN_UNDECLARED_SELECTOR = YES;
				GCC_WARN_UNINITIALIZED_AUTOS = YES_AGGRESSIVE;
				GCC_WARN_UNUSED_FUNCTION = YES;
				GCC_WARN_UNUSED_VARIABLE = YES;
				IPHONEOS_DEPLOYMENT_TARGET = 9.2;
				MTL_ENABLE_DEBUG_INFO = NO;
				SDKROOT = iphoneos;
				VALIDATE_PRODUCT = YES;
			};
			name = Release;
		};
		0C3DFF771CB51B100055D571 /* Debug */ = {
			isa = XCBuildConfiguration;
			buildSettings = {
				ASSETCATALOG_COMPILER_APPICON_NAME = AppIcon;
				INFOPLIST_FILE = ChatApp/Info.plist;
				LD_RUNPATH_SEARCH_PATHS = "$(inherited) @executable_path/Frameworks";
				PRODUCT_BUNDLE_IDENTIFIER = com.tuanvi.ChatApp;
				PRODUCT_NAME = "$(TARGET_NAME)";
			};
			name = Debug;
		};
		0C3DFF781CB51B100055D571 /* Release */ = {
			isa = XCBuildConfiguration;
			buildSettings = {
				ASSETCATALOG_COMPILER_APPICON_NAME = AppIcon;
				INFOPLIST_FILE = ChatApp/Info.plist;
				LD_RUNPATH_SEARCH_PATHS = "$(inherited) @executable_path/Frameworks";
				PRODUCT_BUNDLE_IDENTIFIER = com.tuanvi.ChatApp;
				PRODUCT_NAME = "$(TARGET_NAME)";
			};
			name = Release;
		};
/* End XCBuildConfiguration section */

/* Begin XCConfigurationList section */
		0C3DFF5F1CB51B0F0055D571 /* Build configuration list for PBXProject "ChatApp" */ = {
			isa = XCConfigurationList;
			buildConfigurations = (
				0C3DFF741CB51B100055D571 /* Debug */,
				0C3DFF751CB51B100055D571 /* Release */,
			);
			defaultConfigurationIsVisible = 0;
			defaultConfigurationName = Release;
		};
		0C3DFF761CB51B100055D571 /* Build configuration list for PBXNativeTarget "ChatApp" */ = {
			isa = XCConfigurationList;
			buildConfigurations = (
				0C3DFF771CB51B100055D571 /* Debug */,
				0C3DFF781CB51B100055D571 /* Release */,
			);
			defaultConfigurationIsVisible = 0;
		};
/* End XCConfigurationList section */
	};
	rootObject = 0C3DFF5C1CB51B0F0055D571 /* Project object */;
}
